// !$*UTF8*$!
{
	archiveVersion = 1;
	classes = {
	};
	objectVersion = 56;
	objects = {

/* Begin PBXBuildFile section */
		F58AAAC429665BB500A31730 /* UpsyDeskyMenuApp.swift in Sources */ = {isa = PBXBuildFile; fileRef = F58AAAC329665BB500A31730 /* UpsyDeskyMenuApp.swift */; };
		F58AAAC629665BB500A31730 /* ContentView.swift in Sources */ = {isa = PBXBuildFile; fileRef = F58AAAC529665BB500A31730 /* ContentView.swift */; };
		F58AAAC829665BB600A31730 /* Assets.xcassets in Resources */ = {isa = PBXBuildFile; fileRef = F58AAAC729665BB600A31730 /* Assets.xcassets */; };
		F58AAACB29665BB600A31730 /* Preview Assets.xcassets in Resources */ = {isa = PBXBuildFile; fileRef = F58AAACA29665BB600A31730 /* Preview Assets.xcassets */; };
		F58AAAD629665BB600A31730 /* UpsyDeskyMenuTests.swift in Sources */ = {isa = PBXBuildFile; fileRef = F58AAAD529665BB600A31730 /* UpsyDeskyMenuTests.swift */; };
		F58AAAE029665BB600A31730 /* UpsyDeskyMenuUITests.swift in Sources */ = {isa = PBXBuildFile; fileRef = F58AAADF29665BB600A31730 /* UpsyDeskyMenuUITests.swift */; };
		F58AAAE229665BB600A31730 /* UpsyDeskyMenuUITestsLaunchTests.swift in Sources */ = {isa = PBXBuildFile; fileRef = F58AAAE129665BB600A31730 /* UpsyDeskyMenuUITestsLaunchTests.swift */; };
		F58AAAF129666E1000A31730 /* UpsyDeskyManager.swift in Sources */ = {isa = PBXBuildFile; fileRef = F58AAAF029666E1000A31730 /* UpsyDeskyManager.swift */; };
/* End PBXBuildFile section */

/* Begin PBXContainerItemProxy section */
		F58AAAD229665BB600A31730 /* PBXContainerItemProxy */ = {
			isa = PBXContainerItemProxy;
			containerPortal = F58AAAB829665BB500A31730 /* Project object */;
			proxyType = 1;
			remoteGlobalIDString = F58AAABF29665BB500A31730;
			remoteInfo = UpsyDeskyMenu;
		};
		F58AAADC29665BB600A31730 /* PBXContainerItemProxy */ = {
			isa = PBXContainerItemProxy;
			containerPortal = F58AAAB829665BB500A31730 /* Project object */;
			proxyType = 1;
			remoteGlobalIDString = F58AAABF29665BB500A31730;
			remoteInfo = UpsyDeskyMenu;
		};
/* End PBXContainerItemProxy section */

/* Begin PBXFileReference section */
		F58AAAC029665BB500A31730 /* UpsyDeskyMenu.app */ = {isa = PBXFileReference; explicitFileType = wrapper.application; includeInIndex = 0; path = UpsyDeskyMenu.app; sourceTree = BUILT_PRODUCTS_DIR; };
		F58AAAC329665BB500A31730 /* UpsyDeskyMenuApp.swift */ = {isa = PBXFileReference; lastKnownFileType = sourcecode.swift; path = UpsyDeskyMenuApp.swift; sourceTree = "<group>"; };
		F58AAAC529665BB500A31730 /* ContentView.swift */ = {isa = PBXFileReference; lastKnownFileType = sourcecode.swift; path = ContentView.swift; sourceTree = "<group>"; };
		F58AAAC729665BB600A31730 /* Assets.xcassets */ = {isa = PBXFileReference; lastKnownFileType = folder.assetcatalog; path = Assets.xcassets; sourceTree = "<group>"; };
		F58AAACA29665BB600A31730 /* Preview Assets.xcassets */ = {isa = PBXFileReference; lastKnownFileType = folder.assetcatalog; path = "Preview Assets.xcassets"; sourceTree = "<group>"; };
		F58AAACC29665BB600A31730 /* UpsyDeskyMenu.entitlements */ = {isa = PBXFileReference; lastKnownFileType = text.plist.entitlements; path = UpsyDeskyMenu.entitlements; sourceTree = "<group>"; };
		F58AAAD129665BB600A31730 /* UpsyDeskyMenuTests.xctest */ = {isa = PBXFileReference; explicitFileType = wrapper.cfbundle; includeInIndex = 0; path = UpsyDeskyMenuTests.xctest; sourceTree = BUILT_PRODUCTS_DIR; };
		F58AAAD529665BB600A31730 /* UpsyDeskyMenuTests.swift */ = {isa = PBXFileReference; lastKnownFileType = sourcecode.swift; path = UpsyDeskyMenuTests.swift; sourceTree = "<group>"; };
		F58AAADB29665BB600A31730 /* UpsyDeskyMenuUITests.xctest */ = {isa = PBXFileReference; explicitFileType = wrapper.cfbundle; includeInIndex = 0; path = UpsyDeskyMenuUITests.xctest; sourceTree = BUILT_PRODUCTS_DIR; };
		F58AAADF29665BB600A31730 /* UpsyDeskyMenuUITests.swift */ = {isa = PBXFileReference; lastKnownFileType = sourcecode.swift; path = UpsyDeskyMenuUITests.swift; sourceTree = "<group>"; };
		F58AAAE129665BB600A31730 /* UpsyDeskyMenuUITestsLaunchTests.swift */ = {isa = PBXFileReference; lastKnownFileType = sourcecode.swift; path = UpsyDeskyMenuUITestsLaunchTests.swift; sourceTree = "<group>"; };
		F58AAAF029666E1000A31730 /* UpsyDeskyManager.swift */ = {isa = PBXFileReference; lastKnownFileType = sourcecode.swift; path = UpsyDeskyManager.swift; sourceTree = "<group>"; };
/* End PBXFileReference section */

/* Begin PBXFrameworksBuildPhase section */
		F58AAABD29665BB500A31730 /* Frameworks */ = {
			isa = PBXFrameworksBuildPhase;
			buildActionMask = 2147483647;
			files = (
			);
			runOnlyForDeploymentPostprocessing = 0;
		};
		F58AAACE29665BB600A31730 /* Frameworks */ = {
			isa = PBXFrameworksBuildPhase;
			buildActionMask = 2147483647;
			files = (
			);
			runOnlyForDeploymentPostprocessing = 0;
		};
		F58AAAD829665BB600A31730 /* Frameworks */ = {
			isa = PBXFrameworksBuildPhase;
			buildActionMask = 2147483647;
			files = (
			);
			runOnlyForDeploymentPostprocessing = 0;
		};
/* End PBXFrameworksBuildPhase section */

/* Begin PBXGroup section */
		F58AAAB729665BB500A31730 = {
			isa = PBXGroup;
			children = (
				F58AAAC229665BB500A31730 /* UpsyDeskyMenu */,
				F58AAAD429665BB600A31730 /* UpsyDeskyMenuTests */,
				F58AAADE29665BB600A31730 /* UpsyDeskyMenuUITests */,
				F58AAAC129665BB500A31730 /* Products */,
			);
			sourceTree = "<group>";
		};
		F58AAAC129665BB500A31730 /* Products */ = {
			isa = PBXGroup;
			children = (
				F58AAAC029665BB500A31730 /* UpsyDeskyMenu.app */,
				F58AAAD129665BB600A31730 /* UpsyDeskyMenuTests.xctest */,
				F58AAADB29665BB600A31730 /* UpsyDeskyMenuUITests.xctest */,
			);
			name = Products;
			sourceTree = "<group>";
		};
		F58AAAC229665BB500A31730 /* UpsyDeskyMenu */ = {
			isa = PBXGroup;
			children = (
				F58AAAC329665BB500A31730 /* UpsyDeskyMenuApp.swift */,
				F58AAAC529665BB500A31730 /* ContentView.swift */,
				F58AAAC729665BB600A31730 /* Assets.xcassets */,
				F58AAACC29665BB600A31730 /* UpsyDeskyMenu.entitlements */,
				F58AAAC929665BB600A31730 /* Preview Content */,
				F58AAAF029666E1000A31730 /* UpsyDeskyManager.swift */,
			);
			path = UpsyDeskyMenu;
			sourceTree = "<group>";
		};
		F58AAAC929665BB600A31730 /* Preview Content */ = {
			isa = PBXGroup;
			children = (
				F58AAACA29665BB600A31730 /* Preview Assets.xcassets */,
			);
			path = "Preview Content";
			sourceTree = "<group>";
		};
		F58AAAD429665BB600A31730 /* UpsyDeskyMenuTests */ = {
			isa = PBXGroup;
			children = (
				F58AAAD529665BB600A31730 /* UpsyDeskyMenuTests.swift */,
			);
			path = UpsyDeskyMenuTests;
			sourceTree = "<group>";
		};
		F58AAADE29665BB600A31730 /* UpsyDeskyMenuUITests */ = {
			isa = PBXGroup;
			children = (
				F58AAADF29665BB600A31730 /* UpsyDeskyMenuUITests.swift */,
				F58AAAE129665BB600A31730 /* UpsyDeskyMenuUITestsLaunchTests.swift */,
			);
			path = UpsyDeskyMenuUITests;
			sourceTree = "<group>";
		};
/* End PBXGroup section */

/* Begin PBXNativeTarget section */
		F58AAABF29665BB500A31730 /* UpsyDeskyMenu */ = {
			isa = PBXNativeTarget;
			buildConfigurationList = F58AAAE529665BB600A31730 /* Build configuration list for PBXNativeTarget "UpsyDeskyMenu" */;
			buildPhases = (
				F58AAABC29665BB500A31730 /* Sources */,
				F58AAABD29665BB500A31730 /* Frameworks */,
				F58AAABE29665BB500A31730 /* Resources */,
			);
			buildRules = (
			);
			dependencies = (
			);
			name = UpsyDeskyMenu;
			productName = UpsyDeskyMenu;
			productReference = F58AAAC029665BB500A31730 /* UpsyDeskyMenu.app */;
			productType = "com.apple.product-type.application";
		};
		F58AAAD029665BB600A31730 /* UpsyDeskyMenuTests */ = {
			isa = PBXNativeTarget;
			buildConfigurationList = F58AAAE829665BB600A31730 /* Build configuration list for PBXNativeTarget "UpsyDeskyMenuTests" */;
			buildPhases = (
				F58AAACD29665BB600A31730 /* Sources */,
				F58AAACE29665BB600A31730 /* Frameworks */,
				F58AAACF29665BB600A31730 /* Resources */,
			);
			buildRules = (
			);
			dependencies = (
				F58AAAD329665BB600A31730 /* PBXTargetDependency */,
			);
			name = UpsyDeskyMenuTests;
			productName = UpsyDeskyMenuTests;
			productReference = F58AAAD129665BB600A31730 /* UpsyDeskyMenuTests.xctest */;
			productType = "com.apple.product-type.bundle.unit-test";
		};
		F58AAADA29665BB600A31730 /* UpsyDeskyMenuUITests */ = {
			isa = PBXNativeTarget;
			buildConfigurationList = F58AAAEB29665BB600A31730 /* Build configuration list for PBXNativeTarget "UpsyDeskyMenuUITests" */;
			buildPhases = (
				F58AAAD729665BB600A31730 /* Sources */,
				F58AAAD829665BB600A31730 /* Frameworks */,
				F58AAAD929665BB600A31730 /* Resources */,
			);
			buildRules = (
			);
			dependencies = (
				F58AAADD29665BB600A31730 /* PBXTargetDependency */,
			);
			name = UpsyDeskyMenuUITests;
			productName = UpsyDeskyMenuUITests;
			productReference = F58AAADB29665BB600A31730 /* UpsyDeskyMenuUITests.xctest */;
			productType = "com.apple.product-type.bundle.ui-testing";
		};
/* End PBXNativeTarget section */

/* Begin PBXProject section */
		F58AAAB829665BB500A31730 /* Project object */ = {
			isa = PBXProject;
			attributes = {
				BuildIndependentTargetsInParallel = 1;
				LastSwiftUpdateCheck = 1420;
				LastUpgradeCheck = 1420;
				TargetAttributes = {
					F58AAABF29665BB500A31730 = {
						CreatedOnToolsVersion = 14.2;
					};
					F58AAAD029665BB600A31730 = {
						CreatedOnToolsVersion = 14.2;
						TestTargetID = F58AAABF29665BB500A31730;
					};
					F58AAADA29665BB600A31730 = {
						CreatedOnToolsVersion = 14.2;
						TestTargetID = F58AAABF29665BB500A31730;
					};
				};
			};
			buildConfigurationList = F58AAABB29665BB500A31730 /* Build configuration list for PBXProject "UpsyDeskyMenu" */;
			compatibilityVersion = "Xcode 14.0";
			developmentRegion = en;
			hasScannedForEncodings = 0;
			knownRegions = (
				en,
				Base,
			);
			mainGroup = F58AAAB729665BB500A31730;
			productRefGroup = F58AAAC129665BB500A31730 /* Products */;
			projectDirPath = "";
			projectRoot = "";
			targets = (
				F58AAABF29665BB500A31730 /* UpsyDeskyMenu */,
				F58AAAD029665BB600A31730 /* UpsyDeskyMenuTests */,
				F58AAADA29665BB600A31730 /* UpsyDeskyMenuUITests */,
			);
		};
/* End PBXProject section */

/* Begin PBXResourcesBuildPhase section */
		F58AAABE29665BB500A31730 /* Resources */ = {
			isa = PBXResourcesBuildPhase;
			buildActionMask = 2147483647;
			files = (
				F58AAACB29665BB600A31730 /* Preview Assets.xcassets in Resources */,
				F58AAAC829665BB600A31730 /* Assets.xcassets in Resources */,
			);
			runOnlyForDeploymentPostprocessing = 0;
		};
		F58AAACF29665BB600A31730 /* Resources */ = {
			isa = PBXResourcesBuildPhase;
			buildActionMask = 2147483647;
			files = (
			);
			runOnlyForDeploymentPostprocessing = 0;
		};
		F58AAAD929665BB600A31730 /* Resources */ = {
			isa = PBXResourcesBuildPhase;
			buildActionMask = 2147483647;
			files = (
			);
			runOnlyForDeploymentPostprocessing = 0;
		};
/* End PBXResourcesBuildPhase section */

/* Begin PBXSourcesBuildPhase section */
		F58AAABC29665BB500A31730 /* Sources */ = {
			isa = PBXSourcesBuildPhase;
			buildActionMask = 2147483647;
			files = (
				F58AAAC629665BB500A31730 /* ContentView.swift in Sources */,
				F58AAAF129666E1000A31730 /* UpsyDeskyManager.swift in Sources */,
				F58AAAC429665BB500A31730 /* UpsyDeskyMenuApp.swift in Sources */,
			);
			runOnlyForDeploymentPostprocessing = 0;
		};
		F58AAACD29665BB600A31730 /* Sources */ = {
			isa = PBXSourcesBuildPhase;
			buildActionMask = 2147483647;
			files = (
				F58AAAD629665BB600A31730 /* UpsyDeskyMenuTests.swift in Sources */,
			);
			runOnlyForDeploymentPostprocessing = 0;
		};
		F58AAAD729665BB600A31730 /* Sources */ = {
			isa = PBXSourcesBuildPhase;
			buildActionMask = 2147483647;
			files = (
				F58AAAE029665BB600A31730 /* UpsyDeskyMenuUITests.swift in Sources */,
				F58AAAE229665BB600A31730 /* UpsyDeskyMenuUITestsLaunchTests.swift in Sources */,
			);
			runOnlyForDeploymentPostprocessing = 0;
		};
/* End PBXSourcesBuildPhase section */

/* Begin PBXTargetDependency section */
		F58AAAD329665BB600A31730 /* PBXTargetDependency */ = {
			isa = PBXTargetDependency;
			target = F58AAABF29665BB500A31730 /* UpsyDeskyMenu */;
			targetProxy = F58AAAD229665BB600A31730 /* PBXContainerItemProxy */;
		};
		F58AAADD29665BB600A31730 /* PBXTargetDependency */ = {
			isa = PBXTargetDependency;
			target = F58AAABF29665BB500A31730 /* UpsyDeskyMenu */;
			targetProxy = F58AAADC29665BB600A31730 /* PBXContainerItemProxy */;
		};
/* End PBXTargetDependency section */

/* Begin XCBuildConfiguration section */
		F58AAAE329665BB600A31730 /* Debug */ = {
			isa = XCBuildConfiguration;
			buildSettings = {
				ALWAYS_SEARCH_USER_PATHS = NO;
				CLANG_ANALYZER_NONNULL = YES;
				CLANG_ANALYZER_NUMBER_OBJECT_CONVERSION = YES_AGGRESSIVE;
				CLANG_CXX_LANGUAGE_STANDARD = "gnu++20";
				CLANG_ENABLE_MODULES = YES;
				CLANG_ENABLE_OBJC_ARC = YES;
				CLANG_ENABLE_OBJC_WEAK = YES;
				CLANG_WARN_BLOCK_CAPTURE_AUTORELEASING = YES;
				CLANG_WARN_BOOL_CONVERSION = YES;
				CLANG_WARN_COMMA = YES;
				CLANG_WARN_CONSTANT_CONVERSION = YES;
				CLANG_WARN_DEPRECATED_OBJC_IMPLEMENTATIONS = YES;
				CLANG_WARN_DIRECT_OBJC_ISA_USAGE = YES_ERROR;
				CLANG_WARN_DOCUMENTATION_COMMENTS = YES;
				CLANG_WARN_EMPTY_BODY = YES;
				CLANG_WARN_ENUM_CONVERSION = YES;
				CLANG_WARN_INFINITE_RECURSION = YES;
				CLANG_WARN_INT_CONVERSION = YES;
				CLANG_WARN_NON_LITERAL_NULL_CONVERSION = YES;
				CLANG_WARN_OBJC_IMPLICIT_RETAIN_SELF = YES;
				CLANG_WARN_OBJC_LITERAL_CONVERSION = YES;
				CLANG_WARN_OBJC_ROOT_CLASS = YES_ERROR;
				CLANG_WARN_QUOTED_INCLUDE_IN_FRAMEWORK_HEADER = YES;
				CLANG_WARN_RANGE_LOOP_ANALYSIS = YES;
				CLANG_WARN_STRICT_PROTOTYPES = YES;
				CLANG_WARN_SUSPICIOUS_MOVE = YES;
				CLANG_WARN_UNGUARDED_AVAILABILITY = YES_AGGRESSIVE;
				CLANG_WARN_UNREACHABLE_CODE = YES;
				CLANG_WARN__DUPLICATE_METHOD_MATCH = YES;
				COPY_PHASE_STRIP = NO;
				DEBUG_INFORMATION_FORMAT = dwarf;
				ENABLE_STRICT_OBJC_MSGSEND = YES;
				ENABLE_TESTABILITY = YES;
				GCC_C_LANGUAGE_STANDARD = gnu11;
				GCC_DYNAMIC_NO_PIC = NO;
				GCC_NO_COMMON_BLOCKS = YES;
				GCC_OPTIMIZATION_LEVEL = 0;
				GCC_PREPROCESSOR_DEFINITIONS = (
					"DEBUG=1",
					"$(inherited)",
				);
				GCC_WARN_64_TO_32_BIT_CONVERSION = YES;
				GCC_WARN_ABOUT_RETURN_TYPE = YES_ERROR;
				GCC_WARN_UNDECLARED_SELECTOR = YES;
				GCC_WARN_UNINITIALIZED_AUTOS = YES_AGGRESSIVE;
				GCC_WARN_UNUSED_FUNCTION = YES;
				GCC_WARN_UNUSED_VARIABLE = YES;
				MACOSX_DEPLOYMENT_TARGET = 13.0;
				MTL_ENABLE_DEBUG_INFO = INCLUDE_SOURCE;
				MTL_FAST_MATH = YES;
				ONLY_ACTIVE_ARCH = YES;
				SDKROOT = macosx;
				SWIFT_ACTIVE_COMPILATION_CONDITIONS = DEBUG;
				SWIFT_OPTIMIZATION_LEVEL = "-Onone";
			};
			name = Debug;
		};
		F58AAAE429665BB600A31730 /* Release */ = {
			isa = XCBuildConfiguration;
			buildSettings = {
				ALWAYS_SEARCH_USER_PATHS = NO;
				CLANG_ANALYZER_NONNULL = YES;
				CLANG_ANALYZER_NUMBER_OBJECT_CONVERSION = YES_AGGRESSIVE;
				CLANG_CXX_LANGUAGE_STANDARD = "gnu++20";
				CLANG_ENABLE_MODULES = YES;
				CLANG_ENABLE_OBJC_ARC = YES;
				CLANG_ENABLE_OBJC_WEAK = YES;
				CLANG_WARN_BLOCK_CAPTURE_AUTORELEASING = YES;
				CLANG_WARN_BOOL_CONVERSION = YES;
				CLANG_WARN_COMMA = YES;
				CLANG_WARN_CONSTANT_CONVERSION = YES;
				CLANG_WARN_DEPRECATED_OBJC_IMPLEMENTATIONS = YES;
				CLANG_WARN_DIRECT_OBJC_ISA_USAGE = YES_ERROR;
				CLANG_WARN_DOCUMENTATION_COMMENTS = YES;
				CLANG_WARN_EMPTY_BODY = YES;
				CLANG_WARN_ENUM_CONVERSION = YES;
				CLANG_WARN_INFINITE_RECURSION = YES;
				CLANG_WARN_INT_CONVERSION = YES;
				CLANG_WARN_NON_LITERAL_NULL_CONVERSION = YES;
				CLANG_WARN_OBJC_IMPLICIT_RETAIN_SELF = YES;
				CLANG_WARN_OBJC_LITERAL_CONVERSION = YES;
				CLANG_WARN_OBJC_ROOT_CLASS = YES_ERROR;
				CLANG_WARN_QUOTED_INCLUDE_IN_FRAMEWORK_HEADER = YES;
				CLANG_WARN_RANGE_LOOP_ANALYSIS = YES;
				CLANG_WARN_STRICT_PROTOTYPES = YES;
				CLANG_WARN_SUSPICIOUS_MOVE = YES;
				CLANG_WARN_UNGUARDED_AVAILABILITY = YES_AGGRESSIVE;
				CLANG_WARN_UNREACHABLE_CODE = YES;
				CLANG_WARN__DUPLICATE_METHOD_MATCH = YES;
				COPY_PHASE_STRIP = NO;
				DEBUG_INFORMATION_FORMAT = "dwarf-with-dsym";
				ENABLE_NS_ASSERTIONS = NO;
				ENABLE_STRICT_OBJC_MSGSEND = YES;
				GCC_C_LANGUAGE_STANDARD = gnu11;
				GCC_NO_COMMON_BLOCKS = YES;
				GCC_WARN_64_TO_32_BIT_CONVERSION = YES;
				GCC_WARN_ABOUT_RETURN_TYPE = YES_ERROR;
				GCC_WARN_UNDECLARED_SELECTOR = YES;
				GCC_WARN_UNINITIALIZED_AUTOS = YES_AGGRESSIVE;
				GCC_WARN_UNUSED_FUNCTION = YES;
				GCC_WARN_UNUSED_VARIABLE = YES;
				MACOSX_DEPLOYMENT_TARGET = 13.0;
				MTL_ENABLE_DEBUG_INFO = NO;
				MTL_FAST_MATH = YES;
				SDKROOT = macosx;
				SWIFT_COMPILATION_MODE = wholemodule;
				SWIFT_OPTIMIZATION_LEVEL = "-O";
			};
			name = Release;
		};
		F58AAAE629665BB600A31730 /* Debug */ = {
			isa = XCBuildConfiguration;
			buildSettings = {
				ASSETCATALOG_COMPILER_APPICON_NAME = AppIcon;
				ASSETCATALOG_COMPILER_GLOBAL_ACCENT_COLOR_NAME = AccentColor;
				CODE_SIGN_ENTITLEMENTS = UpsyDeskyMenu/UpsyDeskyMenu.entitlements;
				CODE_SIGN_STYLE = Automatic;
				COMBINE_HIDPI_IMAGES = YES;
				CURRENT_PROJECT_VERSION = 1;
				DEVELOPMENT_ASSET_PATHS = "\"UpsyDeskyMenu/Preview Content\"";
				DEVELOPMENT_TEAM = 48H7CLBV8Y;
				ENABLE_HARDENED_RUNTIME = YES;
				ENABLE_PREVIEWS = YES;
				GENERATE_INFOPLIST_FILE = YES;
				INFOPLIST_KEY_NSHumanReadableCopyright = "";
				LD_RUNPATH_SEARCH_PATHS = (
					"$(inherited)",
					"@executable_path/../Frameworks",
				);
				MARKETING_VERSION = 1.0;
				PRODUCT_BUNDLE_IDENTIFIER = com.vladzaharia.UpsyDeskyMenu;
				PRODUCT_NAME = "$(TARGET_NAME)";
				SWIFT_EMIT_LOC_STRINGS = YES;
				SWIFT_VERSION = 5.0;
			};
			name = Debug;
		};
		F58AAAE729665BB600A31730 /* Release */ = {
			isa = XCBuildConfiguration;
			buildSettings = {
				ASSETCATALOG_COMPILER_APPICON_NAME = AppIcon;
				ASSETCATALOG_COMPILER_GLOBAL_ACCENT_COLOR_NAME = AccentColor;
				CODE_SIGN_ENTITLEMENTS = UpsyDeskyMenu/UpsyDeskyMenu.entitlements;
				CODE_SIGN_STYLE = Automatic;
				COMBINE_HIDPI_IMAGES = YES;
				CURRENT_PROJECT_VERSION = 1;
				DEVELOPMENT_ASSET_PATHS = "\"UpsyDeskyMenu/Preview Content\"";
				DEVELOPMENT_TEAM = 48H7CLBV8Y;
				ENABLE_HARDENED_RUNTIME = YES;
				ENABLE_PREVIEWS = YES;
				GENERATE_INFOPLIST_FILE = YES;
				INFOPLIST_KEY_NSHumanReadableCopyright = "";
				LD_RUNPATH_SEARCH_PATHS = (
					"$(inherited)",
					"@executable_path/../Frameworks",
				);
				MARKETING_VERSION = 1.0;
				PRODUCT_BUNDLE_IDENTIFIER = com.vladzaharia.UpsyDeskyMenu;
				PRODUCT_NAME = "$(TARGET_NAME)";
				SWIFT_EMIT_LOC_STRINGS = YES;
				SWIFT_VERSION = 5.0;
			};
			name = Release;
		};
		F58AAAE929665BB600A31730 /* Debug */ = {
			isa = XCBuildConfiguration;
			buildSettings = {
				ALWAYS_EMBED_SWIFT_STANDARD_LIBRARIES = YES;
				BUNDLE_LOADER = "$(TEST_HOST)";
				CODE_SIGN_STYLE = Automatic;
				CURRENT_PROJECT_VERSION = 1;
				DEVELOPMENT_TEAM = 48H7CLBV8Y;
				GENERATE_INFOPLIST_FILE = YES;
				MACOSX_DEPLOYMENT_TARGET = 13.0;
				MARKETING_VERSION = 1.0;
				PRODUCT_BUNDLE_IDENTIFIER = com.vladzaharia.UpsyDeskyMenuTests;
				PRODUCT_NAME = "$(TARGET_NAME)";
				SWIFT_EMIT_LOC_STRINGS = NO;
				SWIFT_VERSION = 5.0;
				TEST_HOST = "$(BUILT_PRODUCTS_DIR)/UpsyDeskyMenu.app/$(BUNDLE_EXECUTABLE_FOLDER_PATH)/UpsyDeskyMenu";
			};
			name = Debug;
		};
		F58AAAEA29665BB600A31730 /* Release */ = {
			isa = XCBuildConfiguration;
			buildSettings = {
				ALWAYS_EMBED_SWIFT_STANDARD_LIBRARIES = YES;
				BUNDLE_LOADER = "$(TEST_HOST)";
				CODE_SIGN_STYLE = Automatic;
				CURRENT_PROJECT_VERSION = 1;
				DEVELOPMENT_TEAM = 48H7CLBV8Y;
				GENERATE_INFOPLIST_FILE = YES;
				MACOSX_DEPLOYMENT_TARGET = 13.0;
				MARKETING_VERSION = 1.0;
				PRODUCT_BUNDLE_IDENTIFIER = com.vladzaharia.UpsyDeskyMenuTests;
				PRODUCT_NAME = "$(TARGET_NAME)";
				SWIFT_EMIT_LOC_STRINGS = NO;
				SWIFT_VERSION = 5.0;
				TEST_HOST = "$(BUILT_PRODUCTS_DIR)/UpsyDeskyMenu.app/$(BUNDLE_EXECUTABLE_FOLDER_PATH)/UpsyDeskyMenu";
			};
			name = Release;
		};
		F58AAAEC29665BB600A31730 /* Debug */ = {
			isa = XCBuildConfiguration;
			buildSettings = {
				ALWAYS_EMBED_SWIFT_STANDARD_LIBRARIES = YES;
				CODE_SIGN_STYLE = Automatic;
				CURRENT_PROJECT_VERSION = 1;
				DEVELOPMENT_TEAM = 48H7CLBV8Y;
				GENERATE_INFOPLIST_FILE = YES;
				MARKETING_VERSION = 1.0;
				PRODUCT_BUNDLE_IDENTIFIER = com.vladzaharia.UpsyDeskyMenuUITests;
				PRODUCT_NAME = "$(TARGET_NAME)";
				SWIFT_EMIT_LOC_STRINGS = NO;
				SWIFT_VERSION = 5.0;
				TEST_TARGET_NAME = UpsyDeskyMenu;
			};
			name = Debug;
		};
		F58AAAED29665BB600A31730 /* Release */ = {
			isa = XCBuildConfiguration;
			buildSettings = {
				ALWAYS_EMBED_SWIFT_STANDARD_LIBRARIES = YES;
				CODE_SIGN_STYLE = Automatic;
				CURRENT_PROJECT_VERSION = 1;
				DEVELOPMENT_TEAM = 48H7CLBV8Y;
				GENERATE_INFOPLIST_FILE = YES;
				MARKETING_VERSION = 1.0;
				PRODUCT_BUNDLE_IDENTIFIER = com.vladzaharia.UpsyDeskyMenuUITests;
				PRODUCT_NAME = "$(TARGET_NAME)";
				SWIFT_EMIT_LOC_STRINGS = NO;
				SWIFT_VERSION = 5.0;
				TEST_TARGET_NAME = UpsyDeskyMenu;
			};
			name = Release;
		};
/* End XCBuildConfiguration section */

/* Begin XCConfigurationList section */
		F58AAABB29665BB500A31730 /* Build configuration list for PBXProject "UpsyDeskyMenu" */ = {
			isa = XCConfigurationList;
			buildConfigurations = (
				F58AAAE329665BB600A31730 /* Debug */,
				F58AAAE429665BB600A31730 /* Release */,
			);
			defaultConfigurationIsVisible = 0;
			defaultConfigurationName = Release;
		};
		F58AAAE529665BB600A31730 /* Build configuration list for PBXNativeTarget "UpsyDeskyMenu" */ = {
			isa = XCConfigurationList;
			buildConfigurations = (
				F58AAAE629665BB600A31730 /* Debug */,
				F58AAAE729665BB600A31730 /* Release */,
			);
			defaultConfigurationIsVisible = 0;
			defaultConfigurationName = Release;
		};
		F58AAAE829665BB600A31730 /* Build configuration list for PBXNativeTarget "UpsyDeskyMenuTests" */ = {
			isa = XCConfigurationList;
			buildConfigurations = (
				F58AAAE929665BB600A31730 /* Debug */,
				F58AAAEA29665BB600A31730 /* Release */,
			);
			defaultConfigurationIsVisible = 0;
			defaultConfigurationName = Release;
		};
		F58AAAEB29665BB600A31730 /* Build configuration list for PBXNativeTarget "UpsyDeskyMenuUITests" */ = {
			isa = XCConfigurationList;
			buildConfigurations = (
				F58AAAEC29665BB600A31730 /* Debug */,
				F58AAAED29665BB600A31730 /* Release */,
			);
			defaultConfigurationIsVisible = 0;
			defaultConfigurationName = Release;
		};
/* End XCConfigurationList section */
	};
	rootObject = F58AAAB829665BB500A31730 /* Project object */;
}
